Microsoft Visual Studio Solution File, Format Version 12.00
# Visual Studio Version 17
VisualStudioVersion = 17.5.2.0
MinimumVisualStudioVersion = 10.0.40219.1
Project("{FAE04EC0-301F-11D3-BF4B-00C04F79EFBC}") = "SolarneApi", "SolarneApi.csproj", "{1B2F55BE-6AB7-34B4-0A9F-9969789D485B}"
EndProject
Global
	GlobalSection(SolutionConfigurationPlatforms) = preSolution
		Debug|Any CPU = Debug|Any CPU
		Release|Any CPU = Release|Any CPU
	EndGlobalSection
	GlobalSection(ProjectConfigurationPlatforms) = postSolution
		{1B2F55BE-6AB7-34B4-0A9F-9969789D485B}.Debug|Any CPU.ActiveCfg = Debug|Any CPU
		{1B2F55BE-6AB7-34B4-0A9F-9969789D485B}.Debug|Any CPU.Build.0 = Debug|Any CPU
		{1B2F55BE-6AB7-34B4-0A9F-9969789D485B}.Release|Any CPU.ActiveCfg = Release|Any CPU
		{1B2F55BE-6AB7-34B4-0A9F-9969789D485B}.Release|Any CPU.Build.0 = Release|Any CPU
	EndGlobalSection
	GlobalSection(SolutionProperties) = preSolution
		HideSolutionNode = FALSE
	EndGlobalSection
	GlobalSection(ExtensibilityGlobals) = postSolution
		SolutionGuid = {1B0D1FD6-AB2A-4C1C-B235-51CF90CBB7C8}
	EndGlobalSection
EndGlobal
